
Microsoft Visual Studio Solution File, Format Version 12.00
# Visual Studio Version 17
VisualStudioVersion = 17.6.33829.357
MinimumVisualStudioVersion = 10.0.40219.1
Project("{FAE04EC0-301F-11D3-BF4B-00C04F79EFBC}") = "CarApp", "CarApp\CarApp.csproj", "{DDADE2D1-BE45-4FB5-9487-6C466A63CDE6}"
EndProject
Global
	GlobalSection(SolutionConfigurationPlatforms) = preSolution
		Debug|Any CPU = Debug|Any CPU
		Release|Any CPU = Release|Any CPU
	EndGlobalSection
	GlobalSection(ProjectConfigurationPlatforms) = postSolution
		{DDADE2D1-BE45-4FB5-9487-6C466A63CDE6}.Debug|Any CPU.ActiveCfg = Debug|Any CPU
		{DDADE2D1-BE45-4FB5-9487-6C466A63CDE6}.Debug|Any CPU.Build.0 = Debug|Any CPU
		{DDADE2D1-BE45-4FB5-9487-6C466A63CDE6}.Release|Any CPU.ActiveCfg = Release|Any CPU
		{DDADE2D1-BE45-4FB5-9487-6C466A63CDE6}.Release|Any CPU.Build.0 = Release|Any CPU
	EndGlobalSection
	GlobalSection(SolutionProperties) = preSolution
		HideSolutionNode = FALSE
	EndGlobalSection
	GlobalSection(ExtensibilityGlobals) = postSolution
		SolutionGuid = {21C5534F-B1F4-49AB-A0CE-132C2CE97478}
	EndGlobalSection
EndGlobal
